
Microsoft Visual Studio Solution File, Format Version 12.00
# Visual Studio Version 16
VisualStudioVersion = 16.0.30804.86
MinimumVisualStudioVersion = 10.0.40219.1
Project("{FAE04EC0-301F-11D3-BF4B-00C04F79EFBC}") = "CustomerZ2.0", "CustomerZ2.0.csproj", "{14D91C35-E797-43B0-9897-1CA18F8D462A}"
EndProject
Global
	GlobalSection(SolutionConfigurationPlatforms) = preSolution
		Debug|Any CPU = Debug|Any CPU
		Release|Any CPU = Release|Any CPU
	EndGlobalSection
	GlobalSection(ProjectConfigurationPlatforms) = postSolution
		{14D91C35-E797-43B0-9897-1CA18F8D462A}.Debug|Any CPU.ActiveCfg = Debug|Any CPU
		{14D91C35-E797-43B0-9897-1CA18F8D462A}.Debug|Any CPU.Build.0 = Debug|Any CPU
		{14D91C35-E797-43B0-9897-1CA18F8D462A}.Release|Any CPU.ActiveCfg = Release|Any CPU
		{14D91C35-E797-43B0-9897-1CA18F8D462A}.Release|Any CPU.Build.0 = Release|Any CPU
	EndGlobalSection
	GlobalSection(SolutionProperties) = preSolution
		HideSolutionNode = FALSE
	EndGlobalSection
	GlobalSection(ExtensibilityGlobals) = postSolution
		SolutionGuid = {FF6EBE04-C625-4BA3-A740-189F7A813EB7}
	EndGlobalSection
EndGlobal
